// !$*UTF8*$!
{
	archiveVersion = 1;
	classes = {
	};
	objectVersion = 46;
	objects = {

/* Begin PBXBuildFile section */
		6A1A1C0118C78820006334D3 /* GameResultViewController.m in Sources */ = {isa = PBXBuildFile; fileRef = 6A1A1C0018C78820006334D3 /* GameResultViewController.m */; };
		6A1A1C0418C788DD006334D3 /* GameResult.m in Sources */ = {isa = PBXBuildFile; fileRef = 6A1A1C0318C788DD006334D3 /* GameResult.m */; };
		6A1A972218B3E2470022C21F /* Card.m in Sources */ = {isa = PBXBuildFile; fileRef = 6A1A972118B3E2470022C21F /* Card.m */; };
		6A1A972618B3E5060022C21F /* Deck.m in Sources */ = {isa = PBXBuildFile; fileRef = 6A1A972518B3E5060022C21F /* Deck.m */; };
		6A1A972918B3E8DF0022C21F /* PlayingCard.m in Sources */ = {isa = PBXBuildFile; fileRef = 6A1A972818B3E8DF0022C21F /* PlayingCard.m */; };
		6A1A972C18B3F38F0022C21F /* PlayingCardDeck.m in Sources */ = {isa = PBXBuildFile; fileRef = 6A1A972B18B3F38F0022C21F /* PlayingCardDeck.m */; };
		6A1B643218C118D900E33ECF /* PlayingCardGameViewController.m in Sources */ = {isa = PBXBuildFile; fileRef = 6A1B643118C118D900E33ECF /* PlayingCardGameViewController.m */; };
		6A1F3AB318B50C5400880B69 /* CardMatchingGame.m in Sources */ = {isa = PBXBuildFile; fileRef = 6A1F3AB218B50C5400880B69 /* CardMatchingGame.m */; };
		6A26997818C86A3A0026C51E /* GameSettings.m in Sources */ = {isa = PBXBuildFile; fileRef = 6A26997718C86A3A0026C51E /* GameSettings.m */; };
		6A26997B18C87C5C0026C51E /* SettingsGameViewController.m in Sources */ = {isa = PBXBuildFile; fileRef = 6A26997A18C87C5C0026C51E /* SettingsGameViewController.m */; };
		6A846C3C18DC9C9A0051F5CD /* PlayingCardView.m in Sources */ = {isa = PBXBuildFile; fileRef = 6A846C3B18DC9C9A0051F5CD /* PlayingCardView.m */; };
		6A859D4B18DB5FA100EFBB9F /* Grid.m in Sources */ = {isa = PBXBuildFile; fileRef = 6A859D4A18DB5FA100EFBB9F /* Grid.m */; };
		6A85A12B18C48E67009F3829 /* SetCard.m in Sources */ = {isa = PBXBuildFile; fileRef = 6A85A12818C48E67009F3829 /* SetCard.m */; };
		6A85A12C18C48E67009F3829 /* SetCardDeck.m in Sources */ = {isa = PBXBuildFile; fileRef = 6A85A12A18C48E67009F3829 /* SetCardDeck.m */; };
		6A85A12F18C49ADA009F3829 /* SetCardGameViewController.m in Sources */ = {isa = PBXBuildFile; fileRef = 6A85A12E18C49ADA009F3829 /* SetCardGameViewController.m */; };
		6A8AAD0818B2C93800F2B779 /* Foundation.framework in Frameworks */ = {isa = PBXBuildFile; fileRef = 6A8AAD0718B2C93800F2B779 /* Foundation.framework */; };
		6A8AAD0A18B2C93800F2B779 /* CoreGraphics.framework in Frameworks */ = {isa = PBXBuildFile; fileRef = 6A8AAD0918B2C93800F2B779 /* CoreGraphics.framework */; };
		6A8AAD0C18B2C93800F2B779 /* UIKit.framework in Frameworks */ = {isa = PBXBuildFile; fileRef = 6A8AAD0B18B2C93800F2B779 /* UIKit.framework */; };
		6A8AAD1218B2C93800F2B779 /* InfoPlist.strings in Resources */ = {isa = PBXBuildFile; fileRef = 6A8AAD1018B2C93800F2B779 /* InfoPlist.strings */; };
		6A8AAD1418B2C93800F2B779 /* main.m in Sources */ = {isa = PBXBuildFile; fileRef = 6A8AAD1318B2C93800F2B779 /* main.m */; };
		6A8AAD1818B2C93800F2B779 /* CardGameAppDelegate.m in Sources */ = {isa = PBXBuildFile; fileRef = 6A8AAD1718B2C93800F2B779 /* CardGameAppDelegate.m */; };
		6A8AAD1B18B2C93800F2B779 /* Main.storyboard in Resources */ = {isa = PBXBuildFile; fileRef = 6A8AAD1918B2C93800F2B779 /* Main.storyboard */; };
		6A8AAD1E18B2C93800F2B779 /* CardGameViewController.m in Sources */ = {isa = PBXBuildFile; fileRef = 6A8AAD1D18B2C93800F2B779 /* CardGameViewController.m */; };
		6A8AAD2718B2C93800F2B779 /* XCTest.framework in Frameworks */ = {isa = PBXBuildFile; fileRef = 6A8AAD2618B2C93800F2B779 /* XCTest.framework */; };
		6A8AAD2818B2C93800F2B779 /* Foundation.framework in Frameworks */ = {isa = PBXBuildFile; fileRef = 6A8AAD0718B2C93800F2B779 /* Foundation.framework */; };
		6A8AAD2918B2C93800F2B779 /* UIKit.framework in Frameworks */ = {isa = PBXBuildFile; fileRef = 6A8AAD0B18B2C93800F2B779 /* UIKit.framework */; };
		6A8AAD3118B2C93800F2B779 /* InfoPlist.strings in Resources */ = {isa = PBXBuildFile; fileRef = 6A8AAD2F18B2C93800F2B779 /* InfoPlist.strings */; };
		6A8AAD3318B2C93800F2B779 /* MatchismoTests.m in Sources */ = {isa = PBXBuildFile; fileRef = 6A8AAD3218B2C93800F2B779 /* MatchismoTests.m */; };
		6ADE565618DC9ED90022EE1C /* SetCardView.m in Sources */ = {isa = PBXBuildFile; fileRef = 6ADE565518DC9ED90022EE1C /* SetCardView.m */; };
		6AFB63AA18DF643E006C3AE6 /* Images.xcassets in Resources */ = {isa = PBXBuildFile; fileRef = 6AFB63A918DF643E006C3AE6 /* Images.xcassets */; };
/* End PBXBuildFile section */

/* Begin PBXContainerItemProxy section */
		6A8AAD2A18B2C93800F2B779 /* PBXContainerItemProxy */ = {
			isa = PBXContainerItemProxy;
			containerPortal = 6A8AACFC18B2C93800F2B779 /* Project object */;
			proxyType = 1;
			remoteGlobalIDString = 6A8AAD0318B2C93800F2B779;
			remoteInfo = Matchismo;
		};
/* End PBXContainerItemProxy section */

/* Begin PBXFileReference section */
		6A1A1BFF18C78820006334D3 /* GameResultViewController.h */ = {isa = PBXFileReference; fileEncoding = 4; lastKnownFileType = sourcecode.c.h; path = GameResultViewController.h; sourceTree = "<group>"; };
		6A1A1C0018C78820006334D3 /* GameResultViewController.m */ = {isa = PBXFileReference; fileEncoding = 4; lastKnownFileType = sourcecode.c.objc; path = GameResultViewController.m; sourceTree = "<group>"; };
		6A1A1C0218C788DD006334D3 /* GameResult.h */ = {isa = PBXFileReference; fileEncoding = 4; lastKnownFileType = sourcecode.c.h; path = GameResult.h; sourceTree = "<group>"; };
		6A1A1C0318C788DD006334D3 /* GameResult.m */ = {isa = PBXFileReference; fileEncoding = 4; lastKnownFileType = sourcecode.c.objc; path = GameResult.m; sourceTree = "<group>"; };
		6A1A972018B3E2470022C21F /* Card.h */ = {isa = PBXFileReference; fileEncoding = 4; lastKnownFileType = sourcecode.c.h; name = Card.h; path = Model/Card.h; sourceTree = "<group>"; };
		6A1A972118B3E2470022C21F /* Card.m */ = {isa = PBXFileReference; fileEncoding = 4; lastKnownFileType = sourcecode.c.objc; name = Card.m; path = Model/Card.m; sourceTree = "<group>"; };
		6A1A972418B3E5060022C21F /* Deck.h */ = {isa = PBXFileReference; fileEncoding = 4; lastKnownFileType = sourcecode.c.h; name = Deck.h; path = Model/Deck.h; sourceTree = "<group>"; };
		6A1A972518B3E5060022C21F /* Deck.m */ = {isa = PBXFileReference; fileEncoding = 4; lastKnownFileType = sourcecode.c.objc; name = Deck.m; path = Model/Deck.m; sourceTree = "<group>"; };
		6A1A972718B3E8DF0022C21F /* PlayingCard.h */ = {isa = PBXFileReference; fileEncoding = 4; lastKnownFileType = sourcecode.c.h; name = PlayingCard.h; path = Model/PlayingCard.h; sourceTree = "<group>"; };
		6A1A972818B3E8DF0022C21F /* PlayingCard.m */ = {isa = PBXFileReference; fileEncoding = 4; lastKnownFileType = sourcecode.c.objc; name = PlayingCard.m; path = Model/PlayingCard.m; sourceTree = "<group>"; };
		6A1A972A18B3F38F0022C21F /* PlayingCardDeck.h */ = {isa = PBXFileReference; fileEncoding = 4; lastKnownFileType = sourcecode.c.h; name = PlayingCardDeck.h; path = Model/PlayingCardDeck.h; sourceTree = "<group>"; };
		6A1A972B18B3F38F0022C21F /* PlayingCardDeck.m */ = {isa = PBXFileReference; fileEncoding = 4; lastKnownFileType = sourcecode.c.objc; name = PlayingCardDeck.m; path = Model/PlayingCardDeck.m; sourceTree = "<group>"; };
		6A1B643018C118D900E33ECF /* PlayingCardGameViewController.h */ = {isa = PBXFileReference; fileEncoding = 4; lastKnownFileType = sourcecode.c.h; path = PlayingCardGameViewController.h; sourceTree = "<group>"; };
		6A1B643118C118D900E33ECF /* PlayingCardGameViewController.m */ = {isa = PBXFileReference; fileEncoding = 4; lastKnownFileType = sourcecode.c.objc; path = PlayingCardGameViewController.m; sourceTree = "<group>"; };
		6A1F3AB118B50C5400880B69 /* CardMatchingGame.h */ = {isa = PBXFileReference; fileEncoding = 4; lastKnownFileType = sourcecode.c.h; name = CardMatchingGame.h; path = Model/CardMatchingGame.h; sourceTree = "<group>"; };
		6A1F3AB218B50C5400880B69 /* CardMatchingGame.m */ = {isa = PBXFileReference; fileEncoding = 4; lastKnownFileType = sourcecode.c.objc; name = CardMatchingGame.m; path = Model/CardMatchingGame.m; sourceTree = "<group>"; };
		6A26997618C86A3A0026C51E /* GameSettings.h */ = {isa = PBXFileReference; fileEncoding = 4; lastKnownFileType = sourcecode.c.h; name = GameSettings.h; path = Model/GameSettings.h; sourceTree = "<group>"; };
		6A26997718C86A3A0026C51E /* GameSettings.m */ = {isa = PBXFileReference; fileEncoding = 4; lastKnownFileType = sourcecode.c.objc; name = GameSettings.m; path = Model/GameSettings.m; sourceTree = "<group>"; };
		6A26997918C87C5C0026C51E /* SettingsGameViewController.h */ = {isa = PBXFileReference; fileEncoding = 4; lastKnownFileType = sourcecode.c.h; path = SettingsGameViewController.h; sourceTree = "<group>"; };
		6A26997A18C87C5C0026C51E /* SettingsGameViewController.m */ = {isa = PBXFileReference; fileEncoding = 4; lastKnownFileType = sourcecode.c.objc; path = SettingsGameViewController.m; sourceTree = "<group>"; };
		6A846C3A18DC9C9A0051F5CD /* PlayingCardView.h */ = {isa = PBXFileReference; fileEncoding = 4; lastKnownFileType = sourcecode.c.h; path = PlayingCardView.h; sourceTree = "<group>"; };
		6A846C3B18DC9C9A0051F5CD /* PlayingCardView.m */ = {isa = PBXFileReference; fileEncoding = 4; lastKnownFileType = sourcecode.c.objc; path = PlayingCardView.m; sourceTree = "<group>"; };
		6A859D4918DB5FA100EFBB9F /* Grid.h */ = {isa = PBXFileReference; fileEncoding = 4; lastKnownFileType = sourcecode.c.h; path = Grid.h; sourceTree = "<group>"; };
		6A859D4A18DB5FA100EFBB9F /* Grid.m */ = {isa = PBXFileReference; fileEncoding = 4; lastKnownFileType = sourcecode.c.objc; path = Grid.m; sourceTree = "<group>"; };
		6A85A12718C48E67009F3829 /* SetCard.h */ = {isa = PBXFileReference; fileEncoding = 4; lastKnownFileType = sourcecode.c.h; path = SetCard.h; sourceTree = "<group>"; };
		6A85A12818C48E67009F3829 /* SetCard.m */ = {isa = PBXFileReference; fileEncoding = 4; lastKnownFileType = sourcecode.c.objc; path = SetCard.m; sourceTree = "<group>"; };
		6A85A12918C48E67009F3829 /* SetCardDeck.h */ = {isa = PBXFileReference; fileEncoding = 4; lastKnownFileType = sourcecode.c.h; path = SetCardDeck.h; sourceTree = "<group>"; };
		6A85A12A18C48E67009F3829 /* SetCardDeck.m */ = {isa = PBXFileReference; fileEncoding = 4; lastKnownFileType = sourcecode.c.objc; path = SetCardDeck.m; sourceTree = "<group>"; };
		6A85A12D18C49ADA009F3829 /* SetCardGameViewController.h */ = {isa = PBXFileReference; fileEncoding = 4; lastKnownFileType = sourcecode.c.h; path = SetCardGameViewController.h; sourceTree = "<group>"; };
		6A85A12E18C49ADA009F3829 /* SetCardGameViewController.m */ = {isa = PBXFileReference; fileEncoding = 4; lastKnownFileType = sourcecode.c.objc; path = SetCardGameViewController.m; sourceTree = "<group>"; };
		6A8AAD0418B2C93800F2B779 /* Matchismo.app */ = {isa = PBXFileReference; explicitFileType = wrapper.application; includeInIndex = 0; path = Matchismo.app; sourceTree = BUILT_PRODUCTS_DIR; };
		6A8AAD0718B2C93800F2B779 /* Foundation.framework */ = {isa = PBXFileReference; lastKnownFileType = wrapper.framework; name = Foundation.framework; path = System/Library/Frameworks/Foundation.framework; sourceTree = SDKROOT; };
		6A8AAD0918B2C93800F2B779 /* CoreGraphics.framework */ = {isa = PBXFileReference; lastKnownFileType = wrapper.framework; name = CoreGraphics.framework; path = System/Library/Frameworks/CoreGraphics.framework; sourceTree = SDKROOT; };
		6A8AAD0B18B2C93800F2B779 /* UIKit.framework */ = {isa = PBXFileReference; lastKnownFileType = wrapper.framework; name = UIKit.framework; path = System/Library/Frameworks/UIKit.framework; sourceTree = SDKROOT; };
		6A8AAD0F18B2C93800F2B779 /* Matchismo-Info.plist */ = {isa = PBXFileReference; lastKnownFileType = text.plist.xml; path = "Matchismo-Info.plist"; sourceTree = "<group>"; };
		6A8AAD1118B2C93800F2B779 /* en */ = {isa = PBXFileReference; lastKnownFileType = text.plist.strings; name = en; path = en.lproj/InfoPlist.strings; sourceTree = "<group>"; };
		6A8AAD1318B2C93800F2B779 /* main.m */ = {isa = PBXFileReference; lastKnownFileType = sourcecode.c.objc; path = main.m; sourceTree = "<group>"; };
		6A8AAD1518B2C93800F2B779 /* Matchismo-Prefix.pch */ = {isa = PBXFileReference; lastKnownFileType = sourcecode.c.h; path = "Matchismo-Prefix.pch"; sourceTree = "<group>"; };
		6A8AAD1618B2C93800F2B779 /* CardGameAppDelegate.h */ = {isa = PBXFileReference; lastKnownFileType = sourcecode.c.h; path = CardGameAppDelegate.h; sourceTree = "<group>"; };
		6A8AAD1718B2C93800F2B779 /* CardGameAppDelegate.m */ = {isa = PBXFileReference; lastKnownFileType = sourcecode.c.objc; path = CardGameAppDelegate.m; sourceTree = "<group>"; };
		6A8AAD1A18B2C93800F2B779 /* Base */ = {isa = PBXFileReference; lastKnownFileType = file.storyboard; name = Base; path = Base.lproj/Main.storyboard; sourceTree = "<group>"; };
		6A8AAD1C18B2C93800F2B779 /* CardGameViewController.h */ = {isa = PBXFileReference; lastKnownFileType = sourcecode.c.h; path = CardGameViewController.h; sourceTree = "<group>"; };
		6A8AAD1D18B2C93800F2B779 /* CardGameViewController.m */ = {isa = PBXFileReference; lastKnownFileType = sourcecode.c.objc; path = CardGameViewController.m; sourceTree = "<group>"; };
		6A8AAD2518B2C93800F2B779 /* MatchismoTests.xctest */ = {isa = PBXFileReference; explicitFileType = wrapper.cfbundle; includeInIndex = 0; path = MatchismoTests.xctest; sourceTree = BUILT_PRODUCTS_DIR; };
		6A8AAD2618B2C93800F2B779 /* XCTest.framework */ = {isa = PBXFileReference; lastKnownFileType = wrapper.framework; name = XCTest.framework; path = Library/Frameworks/XCTest.framework; sourceTree = DEVELOPER_DIR; };
		6A8AAD2E18B2C93800F2B779 /* MatchismoTests-Info.plist */ = {isa = PBXFileReference; lastKnownFileType = text.plist.xml; path = "MatchismoTests-Info.plist"; sourceTree = "<group>"; };
		6A8AAD3018B2C93800F2B779 /* en */ = {isa = PBXFileReference; lastKnownFileType = text.plist.strings; name = en; path = en.lproj/InfoPlist.strings; sourceTree = "<group>"; };
		6A8AAD3218B2C93800F2B779 /* MatchismoTests.m */ = {isa = PBXFileReference; lastKnownFileType = sourcecode.c.objc; path = MatchismoTests.m; sourceTree = "<group>"; };
		6ADE565418DC9ED90022EE1C /* SetCardView.h */ = {isa = PBXFileReference; fileEncoding = 4; lastKnownFileType = sourcecode.c.h; path = SetCardView.h; sourceTree = "<group>"; };
		6ADE565518DC9ED90022EE1C /* SetCardView.m */ = {isa = PBXFileReference; fileEncoding = 4; lastKnownFileType = sourcecode.c.objc; path = SetCardView.m; sourceTree = "<group>"; };
		6AFB63A918DF643E006C3AE6 /* Images.xcassets */ = {isa = PBXFileReference; lastKnownFileType = folder.assetcatalog; path = Images.xcassets; sourceTree = "<group>"; };
/* End PBXFileReference section */

/* Begin PBXFrameworksBuildPhase section */
		6A8AAD0118B2C93800F2B779 /* Frameworks */ = {
			isa = PBXFrameworksBuildPhase;
			buildActionMask = 2147483647;
			files = (
				6A8AAD0A18B2C93800F2B779 /* CoreGraphics.framework in Frameworks */,
				6A8AAD0C18B2C93800F2B779 /* UIKit.framework in Frameworks */,
				6A8AAD0818B2C93800F2B779 /* Foundation.framework in Frameworks */,
			);
			runOnlyForDeploymentPostprocessing = 0;
		};
		6A8AAD2218B2C93800F2B779 /* Frameworks */ = {
			isa = PBXFrameworksBuildPhase;
			buildActionMask = 2147483647;
			files = (
				6A8AAD2718B2C93800F2B779 /* XCTest.framework in Frameworks */,
				6A8AAD2918B2C93800F2B779 /* UIKit.framework in Frameworks */,
				6A8AAD2818B2C93800F2B779 /* Foundation.framework in Frameworks */,
			);
			runOnlyForDeploymentPostprocessing = 0;
		};
/* End PBXFrameworksBuildPhase section */

/* Begin PBXGroup section */
		6A1A972318B3E24C0022C21F /* Model */ = {
			isa = PBXGroup;
			children = (
				6A1A1C0218C788DD006334D3 /* GameResult.h */,
				6A1A1C0318C788DD006334D3 /* GameResult.m */,
				6A1A972018B3E2470022C21F /* Card.h */,
				6A1A972118B3E2470022C21F /* Card.m */,
				6A1A972418B3E5060022C21F /* Deck.h */,
				6A1A972518B3E5060022C21F /* Deck.m */,
				6A1A972718B3E8DF0022C21F /* PlayingCard.h */,
				6A1A972818B3E8DF0022C21F /* PlayingCard.m */,
				6A1A972A18B3F38F0022C21F /* PlayingCardDeck.h */,
				6A1A972B18B3F38F0022C21F /* PlayingCardDeck.m */,
				6A85A12718C48E67009F3829 /* SetCard.h */,
				6A85A12818C48E67009F3829 /* SetCard.m */,
				6A85A12918C48E67009F3829 /* SetCardDeck.h */,
				6A85A12A18C48E67009F3829 /* SetCardDeck.m */,
				6A1F3AB118B50C5400880B69 /* CardMatchingGame.h */,
				6A1F3AB218B50C5400880B69 /* CardMatchingGame.m */,
				6A26997618C86A3A0026C51E /* GameSettings.h */,
				6A26997718C86A3A0026C51E /* GameSettings.m */,
			);
			name = Model;
			sourceTree = "<group>";
		};
		6A8AACFB18B2C93800F2B779 = {
			isa = PBXGroup;
			children = (
				6A8AAD0D18B2C93800F2B779 /* Matchismo */,
				6A8AAD2C18B2C93800F2B779 /* MatchismoTests */,
				6A8AAD0618B2C93800F2B779 /* Frameworks */,
				6A8AAD0518B2C93800F2B779 /* Products */,
			);
			sourceTree = "<group>";
		};
		6A8AAD0518B2C93800F2B779 /* Products */ = {
			isa = PBXGroup;
			children = (
				6A8AAD0418B2C93800F2B779 /* Matchismo.app */,
				6A8AAD2518B2C93800F2B779 /* MatchismoTests.xctest */,
			);
			name = Products;
			sourceTree = "<group>";
		};
		6A8AAD0618B2C93800F2B779 /* Frameworks */ = {
			isa = PBXGroup;
			children = (
				6A8AAD0718B2C93800F2B779 /* Foundation.framework */,
				6A8AAD0918B2C93800F2B779 /* CoreGraphics.framework */,
				6A8AAD0B18B2C93800F2B779 /* UIKit.framework */,
				6A8AAD2618B2C93800F2B779 /* XCTest.framework */,
			);
			name = Frameworks;
			sourceTree = "<group>";
		};
		6A8AAD0D18B2C93800F2B779 /* Matchismo */ = {
			isa = PBXGroup;
			children = (
				6A26997918C87C5C0026C51E /* SettingsGameViewController.h */,
				6A26997A18C87C5C0026C51E /* SettingsGameViewController.m */,
				6A8AAD1918B2C93800F2B779 /* Main.storyboard */,
				6A8AAD1C18B2C93800F2B779 /* CardGameViewController.h */,
				6A8AAD1D18B2C93800F2B779 /* CardGameViewController.m */,
				6A1B643018C118D900E33ECF /* PlayingCardGameViewController.h */,
				6A1B643118C118D900E33ECF /* PlayingCardGameViewController.m */,
				6A85A12D18C49ADA009F3829 /* SetCardGameViewController.h */,
				6A85A12E18C49ADA009F3829 /* SetCardGameViewController.m */,
				6A1A1BFF18C78820006334D3 /* GameResultViewController.h */,
				6A1A1C0018C78820006334D3 /* GameResultViewController.m */,
				6A859D4918DB5FA100EFBB9F /* Grid.h */,
				6A859D4A18DB5FA100EFBB9F /* Grid.m */,
				6A846C3A18DC9C9A0051F5CD /* PlayingCardView.h */,
				6A846C3B18DC9C9A0051F5CD /* PlayingCardView.m */,
				6ADE565418DC9ED90022EE1C /* SetCardView.h */,
				6ADE565518DC9ED90022EE1C /* SetCardView.m */,
				6A1A972318B3E24C0022C21F /* Model */,
				6AFB63A918DF643E006C3AE6 /* Images.xcassets */,
				6A8AAD0E18B2C93800F2B779 /* Supporting Files */,
			);
			path = Matchismo;
			sourceTree = "<group>";
		};
		6A8AAD0E18B2C93800F2B779 /* Supporting Files */ = {
			isa = PBXGroup;
			children = (
				6A8AAD1618B2C93800F2B779 /* CardGameAppDelegate.h */,
				6A8AAD1718B2C93800F2B779 /* CardGameAppDelegate.m */,
				6A8AAD0F18B2C93800F2B779 /* Matchismo-Info.plist */,
				6A8AAD1018B2C93800F2B779 /* InfoPlist.strings */,
				6A8AAD1318B2C93800F2B779 /* main.m */,
				6A8AAD1518B2C93800F2B779 /* Matchismo-Prefix.pch */,
			);
			name = "Supporting Files";
			sourceTree = "<group>";
		};
		6A8AAD2C18B2C93800F2B779 /* MatchismoTests */ = {
			isa = PBXGroup;
			children = (
				6A8AAD3218B2C93800F2B779 /* MatchismoTests.m */,
				6A8AAD2D18B2C93800F2B779 /* Supporting Files */,
			);
			path = MatchismoTests;
			sourceTree = "<group>";
		};
		6A8AAD2D18B2C93800F2B779 /* Supporting Files */ = {
			isa = PBXGroup;
			children = (
				6A8AAD2E18B2C93800F2B779 /* MatchismoTests-Info.plist */,
				6A8AAD2F18B2C93800F2B779 /* InfoPlist.strings */,
			);
			name = "Supporting Files";
			sourceTree = "<group>";
		};
/* End PBXGroup section */

/* Begin PBXNativeTarget section */
		6A8AAD0318B2C93800F2B779 /* Matchismo */ = {
			isa = PBXNativeTarget;
			buildConfigurationList = 6A8AAD3618B2C93800F2B779 /* Build configuration list for PBXNativeTarget "Matchismo" */;
			buildPhases = (
				6A8AAD0018B2C93800F2B779 /* Sources */,
				6A8AAD0118B2C93800F2B779 /* Frameworks */,
				6A8AAD0218B2C93800F2B779 /* Resources */,
			);
			buildRules = (
			);
			dependencies = (
			);
			name = Matchismo;
			productName = Matchismo;
			productReference = 6A8AAD0418B2C93800F2B779 /* Matchismo.app */;
			productType = "com.apple.product-type.application";
		};
		6A8AAD2418B2C93800F2B779 /* MatchismoTests */ = {
			isa = PBXNativeTarget;
			buildConfigurationList = 6A8AAD3918B2C93800F2B779 /* Build configuration list for PBXNativeTarget "MatchismoTests" */;
			buildPhases = (
				6A8AAD2118B2C93800F2B779 /* Sources */,
				6A8AAD2218B2C93800F2B779 /* Frameworks */,
				6A8AAD2318B2C93800F2B779 /* Resources */,
			);
			buildRules = (
			);
			dependencies = (
				6A8AAD2B18B2C93800F2B779 /* PBXTargetDependency */,
			);
			name = MatchismoTests;
			productName = MatchismoTests;
			productReference = 6A8AAD2518B2C93800F2B779 /* MatchismoTests.xctest */;
			productType = "com.apple.product-type.bundle.unit-test";
		};
/* End PBXNativeTarget section */

/* Begin PBXProject section */
		6A8AACFC18B2C93800F2B779 /* Project object */ = {
			isa = PBXProject;
			attributes = {
				CLASSPREFIX = CardGame;
				LastUpgradeCheck = 0510;
				ORGANIZATIONNAME = "Giuseppe Santaniello";
				TargetAttributes = {
					6A8AAD2418B2C93800F2B779 = {
						TestTargetID = 6A8AAD0318B2C93800F2B779;
					};
				};
			};
			buildConfigurationList = 6A8AACFF18B2C93800F2B779 /* Build configuration list for PBXProject "Matchismo" */;
			compatibilityVersion = "Xcode 3.2";
			developmentRegion = English;
			hasScannedForEncodings = 0;
			knownRegions = (
				en,
				Base,
			);
			mainGroup = 6A8AACFB18B2C93800F2B779;
			productRefGroup = 6A8AAD0518B2C93800F2B779 /* Products */;
			projectDirPath = "";
			projectRoot = "";
			targets = (
				6A8AAD0318B2C93800F2B779 /* Matchismo */,
				6A8AAD2418B2C93800F2B779 /* MatchismoTests */,
			);
		};
/* End PBXProject section */

/* Begin PBXResourcesBuildPhase section */
		6A8AAD0218B2C93800F2B779 /* Resources */ = {
			isa = PBXResourcesBuildPhase;
			buildActionMask = 2147483647;
			files = (
				6AFB63AA18DF643E006C3AE6 /* Images.xcassets in Resources */,
				6A8AAD1218B2C93800F2B779 /* InfoPlist.strings in Resources */,
				6A8AAD1B18B2C93800F2B779 /* Main.storyboard in Resources */,
			);
			runOnlyForDeploymentPostprocessing = 0;
		};
		6A8AAD2318B2C93800F2B779 /* Resources */ = {
			isa = PBXResourcesBuildPhase;
			buildActionMask = 2147483647;
			files = (
				6A8AAD3118B2C93800F2B779 /* InfoPlist.strings in Resources */,
			);
			runOnlyForDeploymentPostprocessing = 0;
		};
/* End PBXResourcesBuildPhase section */

/* Begin PBXSourcesBuildPhase section */
		6A8AAD0018B2C93800F2B779 /* Sources */ = {
			isa = PBXSourcesBuildPhase;
			buildActionMask = 2147483647;
			files = (
				6A1A972918B3E8DF0022C21F /* PlayingCard.m in Sources */,
				6A85A12F18C49ADA009F3829 /* SetCardGameViewController.m in Sources */,
				6A1A972618B3E5060022C21F /* Deck.m in Sources */,
				6A1A1C0418C788DD006334D3 /* GameResult.m in Sources */,
				6A26997818C86A3A0026C51E /* GameSettings.m in Sources */,
				6A8AAD1818B2C93800F2B779 /* CardGameAppDelegate.m in Sources */,
				6A859D4B18DB5FA100EFBB9F /* Grid.m in Sources */,
				6A85A12C18C48E67009F3829 /* SetCardDeck.m in Sources */,
				6A8AAD1E18B2C93800F2B779 /* CardGameViewController.m in Sources */,
				6ADE565618DC9ED90022EE1C /* SetCardView.m in Sources */,
				6A1A1C0118C78820006334D3 /* GameResultViewController.m in Sources */,
				6A85A12B18C48E67009F3829 /* SetCard.m in Sources */,
				6A1F3AB318B50C5400880B69 /* CardMatchingGame.m in Sources */,
				6A1A972C18B3F38F0022C21F /* PlayingCardDeck.m in Sources */,
				6A846C3C18DC9C9A0051F5CD /* PlayingCardView.m in Sources */,
				6A26997B18C87C5C0026C51E /* SettingsGameViewController.m in Sources */,
				6A8AAD1418B2C93800F2B779 /* main.m in Sources */,
				6A1A972218B3E2470022C21F /* Card.m in Sources */,
				6A1B643218C118D900E33ECF /* PlayingCardGameViewController.m in Sources */,
			);
			runOnlyForDeploymentPostprocessing = 0;
		};
		6A8AAD2118B2C93800F2B779 /* Sources */ = {
			isa = PBXSourcesBuildPhase;
			buildActionMask = 2147483647;
			files = (
				6A8AAD3318B2C93800F2B779 /* MatchismoTests.m in Sources */,
			);
			runOnlyForDeploymentPostprocessing = 0;
		};
/* End PBXSourcesBuildPhase section */

/* Begin PBXTargetDependency section */
		6A8AAD2B18B2C93800F2B779 /* PBXTargetDependency */ = {
			isa = PBXTargetDependency;
			target = 6A8AAD0318B2C93800F2B779 /* Matchismo */;
			targetProxy = 6A8AAD2A18B2C93800F2B779 /* PBXContainerItemProxy */;
		};
/* End PBXTargetDependency section */

/* Begin PBXVariantGroup section */
		6A8AAD1018B2C93800F2B779 /* InfoPlist.strings */ = {
			isa = PBXVariantGroup;
			children = (
				6A8AAD1118B2C93800F2B779 /* en */,
			);
			name = InfoPlist.strings;
			sourceTree = "<group>";
		};
		6A8AAD1918B2C93800F2B779 /* Main.storyboard */ = {
			isa = PBXVariantGroup;
			children = (
				6A8AAD1A18B2C93800F2B779 /* Base */,
			);
			name = Main.storyboard;
			sourceTree = "<group>";
		};
		6A8AAD2F18B2C93800F2B779 /* InfoPlist.strings */ = {
			isa = PBXVariantGroup;
			children = (
				6A8AAD3018B2C93800F2B779 /* en */,
			);
			name = InfoPlist.strings;
			sourceTree = "<group>";
		};
/* End PBXVariantGroup section */

/* Begin XCBuildConfiguration section */
		6A8AAD3418B2C93800F2B779 /* Debug */ = {
			isa = XCBuildConfiguration;
			buildSettings = {
				ALWAYS_SEARCH_USER_PATHS = NO;
				CLANG_CXX_LANGUAGE_STANDARD = "gnu++0x";
				CLANG_CXX_LIBRARY = "libc++";
				CLANG_ENABLE_MODULES = YES;
				CLANG_ENABLE_OBJC_ARC = YES;
				CLANG_WARN_BOOL_CONVERSION = YES;
				CLANG_WARN_CONSTANT_CONVERSION = YES;
				CLANG_WARN_DIRECT_OBJC_ISA_USAGE = YES_ERROR;
				CLANG_WARN_EMPTY_BODY = YES;
				CLANG_WARN_ENUM_CONVERSION = YES;
				CLANG_WARN_INT_CONVERSION = YES;
				CLANG_WARN_OBJC_ROOT_CLASS = YES_ERROR;
				CLANG_WARN__DUPLICATE_METHOD_MATCH = YES;
				"CODE_SIGN_IDENTITY[sdk=iphoneos*]" = "iPhone Developer";
				COPY_PHASE_STRIP = NO;
				GCC_C_LANGUAGE_STANDARD = gnu99;
				GCC_DYNAMIC_NO_PIC = NO;
				GCC_OPTIMIZATION_LEVEL = 0;
				GCC_PREPROCESSOR_DEFINITIONS = (
					"DEBUG=1",
					"$(inherited)",
				);
				GCC_SYMBOLS_PRIVATE_EXTERN = NO;
				GCC_WARN_64_TO_32_BIT_CONVERSION = YES;
				GCC_WARN_ABOUT_RETURN_TYPE = YES_ERROR;
				GCC_WARN_UNDECLARED_SELECTOR = YES;
				GCC_WARN_UNINITIALIZED_AUTOS = YES;
				GCC_WARN_UNUSED_FUNCTION = YES;
				GCC_WARN_UNUSED_VARIABLE = YES;
				IPHONEOS_DEPLOYMENT_TARGET = 7.0;
				ONLY_ACTIVE_ARCH = YES;
				SDKROOT = iphoneos;
			};
			name = Debug;
		};
		6A8AAD3518B2C93800F2B779 /* Release */ = {
			isa = XCBuildConfiguration;
			buildSettings = {
				ALWAYS_SEARCH_USER_PATHS = NO;
				CLANG_CXX_LANGUAGE_STANDARD = "gnu++0x";
				CLANG_CXX_LIBRARY = "libc++";
				CLANG_ENABLE_MODULES = YES;
				CLANG_ENABLE_OBJC_ARC = YES;
				CLANG_WARN_BOOL_CONVERSION = YES;
				CLANG_WARN_CONSTANT_CONVERSION = YES;
				CLANG_WARN_DIRECT_OBJC_ISA_USAGE = YES_ERROR;
				CLANG_WARN_EMPTY_BODY = YES;
				CLANG_WARN_ENUM_CONVERSION = YES;
				CLANG_WARN_INT_CONVERSION = YES;
				CLANG_WARN_OBJC_ROOT_CLASS = YES_ERROR;
				CLANG_WARN__DUPLICATE_METHOD_MATCH = YES;
				"CODE_SIGN_IDENTITY[sdk=iphoneos*]" = "iPhone Developer";
				COPY_PHASE_STRIP = YES;
				ENABLE_NS_ASSERTIONS = NO;
				GCC_C_LANGUAGE_STANDARD = gnu99;
				GCC_WARN_64_TO_32_BIT_CONVERSION = YES;
				GCC_WARN_ABOUT_RETURN_TYPE = YES_ERROR;
				GCC_WARN_UNDECLARED_SELECTOR = YES;
				GCC_WARN_UNINITIALIZED_AUTOS = YES;
				GCC_WARN_UNUSED_FUNCTION = YES;
				GCC_WARN_UNUSED_VARIABLE = YES;
				IPHONEOS_DEPLOYMENT_TARGET = 7.0;
				SDKROOT = iphoneos;
				VALIDATE_PRODUCT = YES;
			};
			name = Release;
		};
		6A8AAD3718B2C93800F2B779 /* Debug */ = {
			isa = XCBuildConfiguration;
			buildSettings = {
				ASSETCATALOG_COMPILER_APPICON_NAME = AppIcon;
				ASSETCATALOG_COMPILER_LAUNCHIMAGE_NAME = LaunchImage;
				GCC_PRECOMPILE_PREFIX_HEADER = YES;
				GCC_PREFIX_HEADER = "Matchismo/Matchismo-Prefix.pch";
				INFOPLIST_FILE = "Matchismo/Matchismo-Info.plist";
				IPHONEOS_DEPLOYMENT_TARGET = 7.1;
				PRODUCT_NAME = "$(TARGET_NAME)";
				WRAPPER_EXTENSION = app;
			};
			name = Debug;
		};
		6A8AAD3818B2C93800F2B779 /* Release */ = {
			isa = XCBuildConfiguration;
			buildSettings = {
				ASSETCATALOG_COMPILER_APPICON_NAME = AppIcon;
				ASSETCATALOG_COMPILER_LAUNCHIMAGE_NAME = LaunchImage;
				GCC_PRECOMPILE_PREFIX_HEADER = YES;
				GCC_PREFIX_HEADER = "Matchismo/Matchismo-Prefix.pch";
				INFOPLIST_FILE = "Matchismo/Matchismo-Info.plist";
				IPHONEOS_DEPLOYMENT_TARGET = 7.1;
				PRODUCT_NAME = "$(TARGET_NAME)";
				WRAPPER_EXTENSION = app;
			};
			name = Release;
		};
		6A8AAD3A18B2C93800F2B779 /* Debug */ = {
			isa = XCBuildConfiguration;
			buildSettings = {
				BUNDLE_LOADER = "$(BUILT_PRODUCTS_DIR)/Matchismo.app/Matchismo";
				FRAMEWORK_SEARCH_PATHS = (
					"$(SDKROOT)/Developer/Library/Frameworks",
					"$(inherited)",
					"$(DEVELOPER_FRAMEWORKS_DIR)",
				);
				GCC_PRECOMPILE_PREFIX_HEADER = YES;
				GCC_PREFIX_HEADER = "Matchismo/Matchismo-Prefix.pch";
				GCC_PREPROCESSOR_DEFINITIONS = (
					"DEBUG=1",
					"$(inherited)",
				);
				INFOPLIST_FILE = "MatchismoTests/MatchismoTests-Info.plist";
				PRODUCT_NAME = "$(TARGET_NAME)";
				TEST_HOST = "$(BUNDLE_LOADER)";
				WRAPPER_EXTENSION = xctest;
			};
			name = Debug;
		};
		6A8AAD3B18B2C93800F2B779 /* Release */ = {
			isa = XCBuildConfiguration;
			buildSettings = {
				BUNDLE_LOADER = "$(BUILT_PRODUCTS_DIR)/Matchismo.app/Matchismo";
				FRAMEWORK_SEARCH_PATHS = (
					"$(SDKROOT)/Developer/Library/Frameworks",
					"$(inherited)",
					"$(DEVELOPER_FRAMEWORKS_DIR)",
				);
				GCC_PRECOMPILE_PREFIX_HEADER = YES;
				GCC_PREFIX_HEADER = "Matchismo/Matchismo-Prefix.pch";
				INFOPLIST_FILE = "MatchismoTests/MatchismoTests-Info.plist";
				PRODUCT_NAME = "$(TARGET_NAME)";
				TEST_HOST = "$(BUNDLE_LOADER)";
				WRAPPER_EXTENSION = xctest;
			};
			name = Release;
		};
/* End XCBuildConfiguration section */

/* Begin XCConfigurationList section */
		6A8AACFF18B2C93800F2B779 /* Build configuration list for PBXProject "Matchismo" */ = {
			isa = XCConfigurationList;
			buildConfigurations = (
				6A8AAD3418B2C93800F2B779 /* Debug */,
				6A8AAD3518B2C93800F2B779 /* Release */,
			);
			defaultConfigurationIsVisible = 0;
			defaultConfigurationName = Release;
		};
		6A8AAD3618B2C93800F2B779 /* Build configuration list for PBXNativeTarget "Matchismo" */ = {
			isa = XCConfigurationList;
			buildConfigurations = (
				6A8AAD3718B2C93800F2B779 /* Debug */,
				6A8AAD3818B2C93800F2B779 /* Release */,
			);
			defaultConfigurationIsVisible = 0;
			defaultConfigurationName = Release;
		};
		6A8AAD3918B2C93800F2B779 /* Build configuration list for PBXNativeTarget "MatchismoTests" */ = {
			isa = XCConfigurationList;
			buildConfigurations = (
				6A8AAD3A18B2C93800F2B779 /* Debug */,
				6A8AAD3B18B2C93800F2B779 /* Release */,
			);
			defaultConfigurationIsVisible = 0;
			defaultConfigurationName = Release;
		};
/* End XCConfigurationList section */
	};
	rootObject = 6A8AACFC18B2C93800F2B779 /* Project object */;
}
